
Microsoft Visual Studio Solution File, Format Version 12.00
# Visual Studio Version 17
VisualStudioVersion = 17.2.32519.379
MinimumVisualStudioVersion = 10.0.40219.1
Project("{FAE04EC0-301F-11D3-BF4B-00C04F79EFBC}") = "ConceptsPOO", "ConceptsPOO\ConceptsPOO.csproj", "{6D21535F-A8C6-473C-B2C9-AB46F3411238}"
EndProject
Global
	GlobalSection(SolutionConfigurationPlatforms) = preSolution
		Debug|Any CPU = Debug|Any CPU
		Release|Any CPU = Release|Any CPU
	EndGlobalSection
	GlobalSection(ProjectConfigurationPlatforms) = postSolution
		{6D21535F-A8C6-473C-B2C9-AB46F3411238}.Debug|Any CPU.ActiveCfg = Debug|Any CPU
		{6D21535F-A8C6-473C-B2C9-AB46F3411238}.Debug|Any CPU.Build.0 = Debug|Any CPU
		{6D21535F-A8C6-473C-B2C9-AB46F3411238}.Release|Any CPU.ActiveCfg = Release|Any CPU
		{6D21535F-A8C6-473C-B2C9-AB46F3411238}.Release|Any CPU.Build.0 = Release|Any CPU
	EndGlobalSection
	GlobalSection(SolutionProperties) = preSolution
		HideSolutionNode = FALSE
	EndGlobalSection
	GlobalSection(ExtensibilityGlobals) = postSolution
		SolutionGuid = {5EA41523-EDE3-4713-B8A5-C1972C709788}
	EndGlobalSection
EndGlobal
